// !$*UTF8*$!
{
	archiveVersion = 1;
	classes = {
	};
	objectVersion = 50;
	objects = {

/* Begin PBXBuildFile section */
		37C1948E20976EFE00491213 /* AppDelegate.swift in Sources */ = {isa = PBXBuildFile; fileRef = 37C1948D20976EFE00491213 /* AppDelegate.swift */; };
		37C1949020976EFE00491213 /* ViewController.swift in Sources */ = {isa = PBXBuildFile; fileRef = 37C1948F20976EFE00491213 /* ViewController.swift */; };
		37C1949320976EFE00491213 /* Main.storyboard in Resources */ = {isa = PBXBuildFile; fileRef = 37C1949120976EFE00491213 /* Main.storyboard */; };
		37C1949520976EFF00491213 /* Assets.xcassets in Resources */ = {isa = PBXBuildFile; fileRef = 37C1949420976EFF00491213 /* Assets.xcassets */; };
		37C1949820976EFF00491213 /* LaunchScreen.storyboard in Resources */ = {isa = PBXBuildFile; fileRef = 37C1949620976EFF00491213 /* LaunchScreen.storyboard */; };
		37C194A32097803000491213 /* Delm-Medium.otf in Resources */ = {isa = PBXBuildFile; fileRef = 37C194A12097803000491213 /* Delm-Medium.otf */; };
		37C194A42097803000491213 /* ThirstySoftRegular.otf in Resources */ = {isa = PBXBuildFile; fileRef = 37C194A22097803000491213 /* ThirstySoftRegular.otf */; };
		37C194AB2097B0F200491213 /* Default-568h@2x.png in Resources */ = {isa = PBXBuildFile; fileRef = 37C194AA2097B0F100491213 /* Default-568h@2x.png */; };
		37C194AD2097B76800491213 /* MainLayoutView.swift in Sources */ = {isa = PBXBuildFile; fileRef = 37C194AC2097B76800491213 /* MainLayoutView.swift */; };
/* End PBXBuildFile section */

/* Begin PBXFileReference section */
		37C1948A20976EFE00491213 /* P5.app */ = {isa = PBXFileReference; explicitFileType = wrapper.application; includeInIndex = 0; path = P5.app; sourceTree = BUILT_PRODUCTS_DIR; };
		37C1948D20976EFE00491213 /* AppDelegate.swift */ = {isa = PBXFileReference; lastKnownFileType = sourcecode.swift; path = AppDelegate.swift; sourceTree = "<group>"; };
		37C1948F20976EFE00491213 /* ViewController.swift */ = {isa = PBXFileReference; lastKnownFileType = sourcecode.swift; path = ViewController.swift; sourceTree = "<group>"; };
		37C1949220976EFE00491213 /* Base */ = {isa = PBXFileReference; lastKnownFileType = file.storyboard; name = Base; path = Base.lproj/Main.storyboard; sourceTree = "<group>"; };
		37C1949420976EFF00491213 /* Assets.xcassets */ = {isa = PBXFileReference; lastKnownFileType = folder.assetcatalog; path = Assets.xcassets; sourceTree = "<group>"; };
		37C1949720976EFF00491213 /* Base */ = {isa = PBXFileReference; lastKnownFileType = file.storyboard; name = Base; path = Base.lproj/LaunchScreen.storyboard; sourceTree = "<group>"; };
		37C1949920976EFF00491213 /* Info.plist */ = {isa = PBXFileReference; lastKnownFileType = text.plist.xml; path = Info.plist; sourceTree = "<group>"; };
		37C194A12097803000491213 /* Delm-Medium.otf */ = {isa = PBXFileReference; lastKnownFileType = file; path = "Delm-Medium.otf"; sourceTree = "<group>"; };
		37C194A22097803000491213 /* ThirstySoftRegular.otf */ = {isa = PBXFileReference; lastKnownFileType = file; path = ThirstySoftRegular.otf; sourceTree = "<group>"; };
		37C194AA2097B0F100491213 /* Default-568h@2x.png */ = {isa = PBXFileReference; lastKnownFileType = image.png; path = "Default-568h@2x.png"; sourceTree = "<group>"; };
		37C194AC2097B76800491213 /* MainLayoutView.swift */ = {isa = PBXFileReference; lastKnownFileType = sourcecode.swift; path = MainLayoutView.swift; sourceTree = "<group>"; };
/* End PBXFileReference section */

/* Begin PBXFrameworksBuildPhase section */
		37C1948720976EFE00491213 /* Frameworks */ = {
			isa = PBXFrameworksBuildPhase;
			buildActionMask = 2147483647;
			files = (
			);
			runOnlyForDeploymentPostprocessing = 0;
		};
/* End PBXFrameworksBuildPhase section */

/* Begin PBXGroup section */
		37C1948120976EFE00491213 = {
			isa = PBXGroup;
			children = (
				37C194AA2097B0F100491213 /* Default-568h@2x.png */,
				37C1948C20976EFE00491213 /* P5 */,
				37C1948B20976EFE00491213 /* Products */,
			);
			sourceTree = "<group>";
		};
		37C1948B20976EFE00491213 /* Products */ = {
			isa = PBXGroup;
			children = (
				37C1948A20976EFE00491213 /* P5.app */,
			);
			name = Products;
			sourceTree = "<group>";
		};
		37C1948C20976EFE00491213 /* P5 */ = {
			isa = PBXGroup;
			children = (
				37C194A82097AFAF00491213 /* Model */,
				37C194A62097AF6600491213 /* Controller */,
				37C194A72097AF8E00491213 /* View */,
				37C194A92097AFC100491213 /* Supporting Files */,
			);
			path = P5;
			sourceTree = "<group>";
		};
		37C194A52097803500491213 /* Fonts */ = {
			isa = PBXGroup;
			children = (
				37C194A12097803000491213 /* Delm-Medium.otf */,
				37C194A22097803000491213 /* ThirstySoftRegular.otf */,
			);
			path = Fonts;
			sourceTree = "<group>";
		};
		37C194A62097AF6600491213 /* Controller */ = {
			isa = PBXGroup;
			children = (
				37C1948F20976EFE00491213 /* ViewController.swift */,
			);
			path = Controller;
			sourceTree = "<group>";
		};
		37C194A72097AF8E00491213 /* View */ = {
			isa = PBXGroup;
			children = (
				37C1949120976EFE00491213 /* Main.storyboard */,
				37C194AC2097B76800491213 /* MainLayoutView.swift */,
			);
			path = View;
			sourceTree = "<group>";
		};
		37C194A82097AFAF00491213 /* Model */ = {
			isa = PBXGroup;
			children = (
			);
			path = Model;
			sourceTree = "<group>";
		};
		37C194A92097AFC100491213 /* Supporting Files */ = {
			isa = PBXGroup;
			children = (
				37C194A52097803500491213 /* Fonts */,
				37C1948D20976EFE00491213 /* AppDelegate.swift */,
				37C1949420976EFF00491213 /* Assets.xcassets */,
				37C1949620976EFF00491213 /* LaunchScreen.storyboard */,
				37C1949920976EFF00491213 /* Info.plist */,
			);
			path = "Supporting Files";
			sourceTree = "<group>";
		};
/* End PBXGroup section */

/* Begin PBXNativeTarget section */
		37C1948920976EFE00491213 /* P5 */ = {
			isa = PBXNativeTarget;
			buildConfigurationList = 37C1949C20976EFF00491213 /* Build configuration list for PBXNativeTarget "P5" */;
			buildPhases = (
				37C1948620976EFE00491213 /* Sources */,
				37C1948720976EFE00491213 /* Frameworks */,
				37C1948820976EFE00491213 /* Resources */,
			);
			buildRules = (
			);
			dependencies = (
			);
			name = P5;
			productName = P5;
			productReference = 37C1948A20976EFE00491213 /* P5.app */;
			productType = "com.apple.product-type.application";
		};
/* End PBXNativeTarget section */

/* Begin PBXProject section */
		37C1948220976EFE00491213 /* Project object */ = {
			isa = PBXProject;
			attributes = {
				LastSwiftUpdateCheck = 0930;
				LastUpgradeCheck = 0930;
				ORGANIZATIONNAME = "De knyf Gregory";
				TargetAttributes = {
					37C1948920976EFE00491213 = {
						CreatedOnToolsVersion = 9.3;
					};
				};
			};
			buildConfigurationList = 37C1948520976EFE00491213 /* Build configuration list for PBXProject "P5" */;
			compatibilityVersion = "Xcode 9.3";
			developmentRegion = en;
			hasScannedForEncodings = 0;
			knownRegions = (
				en,
				Base,
			);
			mainGroup = 37C1948120976EFE00491213;
			productRefGroup = 37C1948B20976EFE00491213 /* Products */;
			projectDirPath = "";
			projectRoot = "";
			targets = (
				37C1948920976EFE00491213 /* P5 */,
			);
		};
/* End PBXProject section */

/* Begin PBXResourcesBuildPhase section */
		37C1948820976EFE00491213 /* Resources */ = {
			isa = PBXResourcesBuildPhase;
			buildActionMask = 2147483647;
			files = (
				37C1949820976EFF00491213 /* LaunchScreen.storyboard in Resources */,
				37C1949520976EFF00491213 /* Assets.xcassets in Resources */,
				37C194A42097803000491213 /* ThirstySoftRegular.otf in Resources */,
				37C194A32097803000491213 /* Delm-Medium.otf in Resources */,
				37C1949320976EFE00491213 /* Main.storyboard in Resources */,
				37C194AB2097B0F200491213 /* Default-568h@2x.png in Resources */,
			);
			runOnlyForDeploymentPostprocessing = 0;
		};
/* End PBXResourcesBuildPhase section */

/* Begin PBXSourcesBuildPhase section */
		37C1948620976EFE00491213 /* Sources */ = {
			isa = PBXSourcesBuildPhase;
			buildActionMask = 2147483647;
			files = (
				37C1949020976EFE00491213 /* ViewController.swift in Sources */,
				37C1948E20976EFE00491213 /* AppDelegate.swift in Sources */,
				37C194AD2097B76800491213 /* MainLayoutView.swift in Sources */,
			);
			runOnlyForDeploymentPostprocessing = 0;
		};
/* End PBXSourcesBuildPhase section */

/* Begin PBXVariantGroup section */
		37C1949120976EFE00491213 /* Main.storyboard */ = {
			isa = PBXVariantGroup;
			children = (
				37C1949220976EFE00491213 /* Base */,
			);
			name = Main.storyboard;
			sourceTree = "<group>";
		};
		37C1949620976EFF00491213 /* LaunchScreen.storyboard */ = {
			isa = PBXVariantGroup;
			children = (
				37C1949720976EFF00491213 /* Base */,
			);
			name = LaunchScreen.storyboard;
			sourceTree = "<group>";
		};
/* End PBXVariantGroup section */

/* Begin XCBuildConfiguration section */
		37C1949A20976EFF00491213 /* Debug */ = {
			isa = XCBuildConfiguration;
			buildSettings = {
				ALWAYS_SEARCH_USER_PATHS = NO;
				CLANG_ANALYZER_NONNULL = YES;
				CLANG_ANALYZER_NUMBER_OBJECT_CONVERSION = YES_AGGRESSIVE;
				CLANG_CXX_LANGUAGE_STANDARD = "gnu++14";
				CLANG_CXX_LIBRARY = "libc++";
				CLANG_ENABLE_MODULES = YES;
				CLANG_ENABLE_OBJC_ARC = YES;
				CLANG_ENABLE_OBJC_WEAK = YES;
				CLANG_WARN_BLOCK_CAPTURE_AUTORELEASING = YES;
				CLANG_WARN_BOOL_CONVERSION = YES;
				CLANG_WARN_COMMA = YES;
				CLANG_WARN_CONSTANT_CONVERSION = YES;
				CLANG_WARN_DEPRECATED_OBJC_IMPLEMENTATIONS = YES;
				CLANG_WARN_DIRECT_OBJC_ISA_USAGE = YES_ERROR;
				CLANG_WARN_DOCUMENTATION_COMMENTS = YES;
				CLANG_WARN_EMPTY_BODY = YES;
				CLANG_WARN_ENUM_CONVERSION = YES;
				CLANG_WARN_INFINITE_RECURSION = YES;
				CLANG_WARN_INT_CONVERSION = YES;
				CLANG_WARN_NON_LITERAL_NULL_CONVERSION = YES;
				CLANG_WARN_OBJC_IMPLICIT_RETAIN_SELF = YES;
				CLANG_WARN_OBJC_LITERAL_CONVERSION = YES;
				CLANG_WARN_OBJC_ROOT_CLASS = YES_ERROR;
				CLANG_WARN_RANGE_LOOP_ANALYSIS = YES;
				CLANG_WARN_STRICT_PROTOTYPES = YES;
				CLANG_WARN_SUSPICIOUS_MOVE = YES;
				CLANG_WARN_UNGUARDED_AVAILABILITY = YES_AGGRESSIVE;
				CLANG_WARN_UNREACHABLE_CODE = YES;
				CLANG_WARN__DUPLICATE_METHOD_MATCH = YES;
				CODE_SIGN_IDENTITY = "iPhone Developer";
				COPY_PHASE_STRIP = NO;
				DEBUG_INFORMATION_FORMAT = dwarf;
				ENABLE_STRICT_OBJC_MSGSEND = YES;
				ENABLE_TESTABILITY = YES;
				GCC_C_LANGUAGE_STANDARD = gnu11;
				GCC_DYNAMIC_NO_PIC = NO;
				GCC_NO_COMMON_BLOCKS = YES;
				GCC_OPTIMIZATION_LEVEL = 0;
				GCC_PREPROCESSOR_DEFINITIONS = (
					"DEBUG=1",
					"$(inherited)",
				);
				GCC_WARN_64_TO_32_BIT_CONVERSION = YES;
				GCC_WARN_ABOUT_RETURN_TYPE = YES_ERROR;
				GCC_WARN_UNDECLARED_SELECTOR = YES;
				GCC_WARN_UNINITIALIZED_AUTOS = YES_AGGRESSIVE;
				GCC_WARN_UNUSED_FUNCTION = YES;
				GCC_WARN_UNUSED_VARIABLE = YES;
				IPHONEOS_DEPLOYMENT_TARGET = 11.3;
				MTL_ENABLE_DEBUG_INFO = YES;
				ONLY_ACTIVE_ARCH = YES;
				SDKROOT = iphoneos;
				SWIFT_ACTIVE_COMPILATION_CONDITIONS = DEBUG;
				SWIFT_OPTIMIZATION_LEVEL = "-Onone";
			};
			name = Debug;
		};
		37C1949B20976EFF00491213 /* Release */ = {
			isa = XCBuildConfiguration;
			buildSettings = {
				ALWAYS_SEARCH_USER_PATHS = NO;
				CLANG_ANALYZER_NONNULL = YES;
				CLANG_ANALYZER_NUMBER_OBJECT_CONVERSION = YES_AGGRESSIVE;
				CLANG_CXX_LANGUAGE_STANDARD = "gnu++14";
				CLANG_CXX_LIBRARY = "libc++";
				CLANG_ENABLE_MODULES = YES;
				CLANG_ENABLE_OBJC_ARC = YES;
				CLANG_ENABLE_OBJC_WEAK = YES;
				CLANG_WARN_BLOCK_CAPTURE_AUTORELEASING = YES;
				CLANG_WARN_BOOL_CONVERSION = YES;
				CLANG_WARN_COMMA = YES;
				CLANG_WARN_CONSTANT_CONVERSION = YES;
				CLANG_WARN_DEPRECATED_OBJC_IMPLEMENTATIONS = YES;
				CLANG_WARN_DIRECT_OBJC_ISA_USAGE = YES_ERROR;
				CLANG_WARN_DOCUMENTATION_COMMENTS = YES;
				CLANG_WARN_EMPTY_BODY = YES;
				CLANG_WARN_ENUM_CONVERSION = YES;
				CLANG_WARN_INFINITE_RECURSION = YES;
				CLANG_WARN_INT_CONVERSION = YES;
				CLANG_WARN_NON_LITERAL_NULL_CONVERSION = YES;
				CLANG_WARN_OBJC_IMPLICIT_RETAIN_SELF = YES;
				CLANG_WARN_OBJC_LITERAL_CONVERSION = YES;
				CLANG_WARN_OBJC_ROOT_CLASS = YES_ERROR;
				CLANG_WARN_RANGE_LOOP_ANALYSIS = YES;
				CLANG_WARN_STRICT_PROTOTYPES = YES;
				CLANG_WARN_SUSPICIOUS_MOVE = YES;
				CLANG_WARN_UNGUARDED_AVAILABILITY = YES_AGGRESSIVE;
				CLANG_WARN_UNREACHABLE_CODE = YES;
				CLANG_WARN__DUPLICATE_METHOD_MATCH = YES;
				CODE_SIGN_IDENTITY = "iPhone Developer";
				COPY_PHASE_STRIP = NO;
				DEBUG_INFORMATION_FORMAT = "dwarf-with-dsym";
				ENABLE_NS_ASSERTIONS = NO;
				ENABLE_STRICT_OBJC_MSGSEND = YES;
				GCC_C_LANGUAGE_STANDARD = gnu11;
				GCC_NO_COMMON_BLOCKS = YES;
				GCC_WARN_64_TO_32_BIT_CONVERSION = YES;
				GCC_WARN_ABOUT_RETURN_TYPE = YES_ERROR;
				GCC_WARN_UNDECLARED_SELECTOR = YES;
				GCC_WARN_UNINITIALIZED_AUTOS = YES_AGGRESSIVE;
				GCC_WARN_UNUSED_FUNCTION = YES;
				GCC_WARN_UNUSED_VARIABLE = YES;
				IPHONEOS_DEPLOYMENT_TARGET = 11.3;
				MTL_ENABLE_DEBUG_INFO = NO;
				SDKROOT = iphoneos;
				SWIFT_COMPILATION_MODE = wholemodule;
				SWIFT_OPTIMIZATION_LEVEL = "-O";
				VALIDATE_PRODUCT = YES;
			};
			name = Release;
		};
		37C1949D20976EFF00491213 /* Debug */ = {
			isa = XCBuildConfiguration;
			buildSettings = {
				ASSETCATALOG_COMPILER_APPICON_NAME = AppIcon;
				CODE_SIGN_STYLE = Automatic;
				INFOPLIST_FILE = "$(SRCROOT)/P5/Supporting Files/Info.plist";
				LD_RUNPATH_SEARCH_PATHS = (
					"$(inherited)",
					"@executable_path/Frameworks",
				);
				PRODUCT_BUNDLE_IDENTIFIER = com.gregorydeknyf.P5;
				PRODUCT_NAME = "$(TARGET_NAME)";
				SWIFT_VERSION = 4.0;
				TARGETED_DEVICE_FAMILY = "1,2";
			};
			name = Debug;
		};
		37C1949E20976EFF00491213 /* Release */ = {
			isa = XCBuildConfiguration;
			buildSettings = {
				ASSETCATALOG_COMPILER_APPICON_NAME = AppIcon;
				CODE_SIGN_STYLE = Automatic;
				INFOPLIST_FILE = "$(SRCROOT)/P5/Supporting Files/Info.plist";
				LD_RUNPATH_SEARCH_PATHS = (
					"$(inherited)",
					"@executable_path/Frameworks",
				);
				PRODUCT_BUNDLE_IDENTIFIER = com.gregorydeknyf.P5;
				PRODUCT_NAME = "$(TARGET_NAME)";
				SWIFT_VERSION = 4.0;
				TARGETED_DEVICE_FAMILY = "1,2";
			};
			name = Release;
		};
/* End XCBuildConfiguration section */

/* Begin XCConfigurationList section */
		37C1948520976EFE00491213 /* Build configuration list for PBXProject "P5" */ = {
			isa = XCConfigurationList;
			buildConfigurations = (
				37C1949A20976EFF00491213 /* Debug */,
				37C1949B20976EFF00491213 /* Release */,
			);
			defaultConfigurationIsVisible = 0;
			defaultConfigurationName = Release;
		};
		37C1949C20976EFF00491213 /* Build configuration list for PBXNativeTarget "P5" */ = {
			isa = XCConfigurationList;
			buildConfigurations = (
				37C1949D20976EFF00491213 /* Debug */,
				37C1949E20976EFF00491213 /* Release */,
			);
			defaultConfigurationIsVisible = 0;
			defaultConfigurationName = Release;
		};
/* End XCConfigurationList section */
	};
	rootObject = 37C1948220976EFE00491213 /* Project object */;
}
